#!r6rs ; -*- mode: scheme; coding: utf-8 -*-
;; This file is automatically generated - do not change it by hand.
(import (akku format lockfile))
(projects
  ((name "hashing")
    (location
      (url "https://archive.akkuscm.org/archive/pkg/h/hashing_1.3.0_repack.tar.xz"))
    (content
      (sha256
        "45dc285ed1dbfe24fc54c2417fe5baefc408c3cad502333894d3c111f8255be6")))
  ((name "struct-pack")
    (location
      (url "https://archive.akkuscm.org/archive/pkg/s/struct-pack_1.1.1_repack.tar.xz"))
    (content
      (sha256
        "42d34a4d7052bdda1bddec0dfddd8f1e576bd0a51b483215a4ca3a8ed7b56d09")))
  ((name "fs-partitions")
    (location
      (url "https://archive.akkuscm.org/archive/pkg/f/fs-partitions_1.0.0-beta.0_repack.tar.xz"))
    (content
      (sha256
        "ccf179be9ef0bfe43f216c30ece495fa501815fbe8a140f1ace4591dd5b44a4d")))
  ((name "fs-fatfs")
    (location
      (url "https://archive.akkuscm.org/archive/pkg/f/fs-fatfs_0.0.0-alpha.0_repack.tar.xz"))
    (content
      (sha256
        "da72da8fc4c14d8f4f127517f9aef6bca2bfdad06d3b8f01edb96b5404f49958"))))
