#!r6rs ; -*- mode: scheme; coding: utf-8 -*-
;; This file is automatically generated - do not change it by hand.
(import (akku format lockfile))
(projects
  ((name "TerribleTLS")
    (location
      (url "https://archive.akkuscm.org/archive/pkg/t/TerribleTLS_0.1.0-alpha.1_repack.tar.xz"))
    (content
      (sha256
        "c1c08883a4ba065a50dc6f19a6312ed6d9dffe2b3aeacdbcb53e434aa1112a91")))
  ((name "akku-r7rs")
    (location
      (url "https://archive.akkuscm.org/archive/pkg/a/akku-r7rs_1.0.0_repack.tar.xz"))
    (content
      (sha256
        "55d948653ba0beebe364a1ead789f045d7357f8d456faf6133596b284e976dcd")))
  ((name "chez-srfi")
    (location
      (url "https://archive.akkuscm.org/archive/pkg/c/chez-srfi_0.0.0-akku.113.5cfad65_repack.tar.xz"))
    (content
      (sha256
        "15913a009d7da1c82ea2dec088a24ac181c4b76b2931a04e217c2e26e387fbc1")))
  ((name "hashing")
    (location
      (url "https://archive.akkuscm.org/archive/pkg/h/hashing_1.3.0_repack.tar.xz"))
    (content
      (sha256
        "45dc285ed1dbfe24fc54c2417fe5baefc408c3cad502333894d3c111f8255be6")))
  ((name "ip-address")
    (location
      (url "https://archive.akkuscm.org/archive/pkg/i/ip-address_1.0.0_repack.tar.xz"))
    (content
      (sha256
        "29ae6a9ff8c2c784ec08e66f0c3195c10a86b2c23fb5a40819599aaaa13863e4")))
  ((name "laesare")
    (location
      (url "https://archive.akkuscm.org/archive/pkg/l/laesare_1.0.0_repack.tar.xz"))
    (content
      (sha256
        "bd9c6cf5dabc9fc961094e0bf3f7339b7ad13902cb80a1e62377d57991548d7b")))
  ((name "struct-pack")
    (location
      (url "https://archive.akkuscm.org/archive/pkg/s/struct-pack_1.1.1_repack.tar.xz"))
    (content
      (sha256
        "42d34a4d7052bdda1bddec0dfddd8f1e576bd0a51b483215a4ca3a8ed7b56d09")))
  ((name "wak-common")
    (location
      (url "https://archive.akkuscm.org/archive/pkg/w/wak-common_0.1.0-akku.15.6d495fc_repack.tar.xz"))
    (content
      (sha256
        "9c5170c85c885d9e35ce62dcf829597d31cc0b3697b79fe544640bf828c5a22d")))
  ((name "industria")
    (location
      (url "https://archive.akkuscm.org/archive/pkg/i/industria_2.1.0_repack.tar.xz"))
    (content
      (sha256
        "dacd4976bfae23da90289b39221aa69ddc83973a989ed87323d52517c93ba008")))
  ((name (chibi match))
    (location
      (url "http://snow-fort.org/s/gmail.com/alexshinn/chibi/match/0.7.3/chibi-match-0.7.3.tgz"))
    (content
      (sha256
        "a165dcf7676ff178964b8cd58bcf6ee68d879605a025a8193b6b4af769f9bdc8")))
  ((name "irc-protocol")
    (location
      (url "https://archive.akkuscm.org/archive/pkg/i/irc-protocol_1.0.0_repack.tar.xz"))
    (content
      (sha256
        "10902fd414a75fabae329960bc6d136a895ac5968f6101e2c917734b00953c14")))
  ((name "wak-fmt")
    (location
      (url "https://archive.akkuscm.org/archive/pkg/w/wak-fmt_0.8.0-akku.10.d5b2a5a_repack.tar.xz"))
    (content
      (sha256
        "807c3b78a2c5d4a89017a8a811a5f58fe3a2c81494107cab710b23d9f1a3a34f")))
  ((name "loko-srfi")
    (location
      (url "https://archive.akkuscm.org/archive/pkg/l/loko-srfi_1.0.1_repack.tar.xz"))
    (content
      (sha256
        "6eb9b0e039007c7f377b85afba6dd6ff443d94b5ca1a0fa6ba7acd4375e83f79"))))
