#!r6rs ; -*- mode: scheme; coding: utf-8 -*-
;; This file is automatically generated - do not change it by hand.
(import (akku format lockfile))
(projects
  ((name "chez-srfi")
    (location
      (url "https://archive.akkuscm.org/archive/pkg/c/chez-srfi_0.0.0-akku.181.7879b52_repack.tar.xz"))
    (content
      (sha256
        "f002bc7fc669b5980c885a5fb6770f8e016b06761e8e9755154bfa3a4f578fcb")))
  ((name "hashing")
    (location
      (url "https://archive.akkuscm.org/archive/pkg/h/hashing_1.3.0_repack.tar.xz"))
    (content
      (sha256
        "45dc285ed1dbfe24fc54c2417fe5baefc408c3cad502333894d3c111f8255be6")))
  ((name "industria")
    (location
      (url "https://archive.akkuscm.org/archive/pkg/i/industria_2.1.0_repack.tar.xz"))
    (content
      (sha256
        "dacd4976bfae23da90289b39221aa69ddc83973a989ed87323d52517c93ba008")))
  ((name "ip-address")
    (location
      (url "https://archive.akkuscm.org/archive/pkg/i/ip-address_1.0.0_repack.tar.xz"))
    (content
      (sha256
        "29ae6a9ff8c2c784ec08e66f0c3195c10a86b2c23fb5a40819599aaaa13863e4")))
  ((name "struct-pack")
    (location
      (url "https://archive.akkuscm.org/archive/pkg/s/struct-pack_1.1.1_repack.tar.xz"))
    (content
      (sha256
        "42d34a4d7052bdda1bddec0dfddd8f1e576bd0a51b483215a4ca3a8ed7b56d09")))
  ((name "loko-srfi")
    (location
      (url "https://archive.akkuscm.org/archive/pkg/l/loko-srfi_1.0.1_repack.tar.xz"))
    (content
      (sha256
        "6eb9b0e039007c7f377b85afba6dd6ff443d94b5ca1a0fa6ba7acd4375e83f79"))))
