#!r6rs ; -*- mode: scheme; coding: utf-8 -*-
;; This file is automatically generated - do not change it by hand.
(import (akku format lockfile))
(projects
  ((name "chez-srfi")
    (location
      (url "https://archive.akkuscm.org/archive/pkg/c/chez-srfi_0.0.0-akku.113.5cfad65_repack.tar.xz"))
    (content
      (sha256
        "15913a009d7da1c82ea2dec088a24ac181c4b76b2931a04e217c2e26e387fbc1")))
  ((name "r6rs-pffi")
    (location
      (url "https://archive.akkuscm.org/archive/pkg/r/r6rs-pffi_1.3.0_repack.tar.xz"))
    (content
      (sha256
        "6fd54ecb1b2bc110f588797fc17f6030b9504139a6e3ba374f530c34090a1bb1")))
  ((name "struct-pack")
    (location
      (url "https://archive.akkuscm.org/archive/pkg/s/struct-pack_1.1.1_repack.tar.xz"))
    (content
      (sha256
        "42d34a4d7052bdda1bddec0dfddd8f1e576bd0a51b483215a4ca3a8ed7b56d09")))
  ((name "text-mode")
    (location
      (url "https://archive.akkuscm.org/archive/pkg/t/text-mode_1.0.0_repack.tar.xz"))
    (content
      (sha256
        "a391a2eb08622dd97d9d24920bde7267a0cc2ad8529230be461323bad02cbff5"))
    (scripts
      (cond-expand
        ((and linux pre-install)
          (run "cc -Wall -Os -g -fPIC -shared -o libtextmode.so textmode.c"))
        ((and osx pre-install)
          (run "cc -dynamiclib -o libtextmode.so textmode.c"))
        (post-install
          (run "cp -v libtextmode.so \"$akku_path_lib_ffi\""))))))
